
Microsoft Visual Studio Solution File, Format Version 12.00
# Visual Studio Version 17
VisualStudioVersion = 17.0.31903.59
MinimumVisualStudioVersion = 10.0.40219.1
Project("{2150E333-8FDC-42A3-9474-1A3956D46DE8}") = "src", "src", "{E3B6A67B-F112-44F7-9923-98CFCD526093}"
EndProject
Project("{FAE04EC0-301F-11D3-BF4B-00C04F79EFBC}") = "SimpleAPI", "src\SimpleAPI\SimpleAPI.csproj", "{53D82CA2-9E4A-4950-9140-E9305D2AE14F}"
EndProject
Project("{2150E333-8FDC-42A3-9474-1A3956D46DE8}") = "test", "test", "{E852BDDF-9935-4D17-AB72-B6291B352D27}"
EndProject
Project("{FAE04EC0-301F-11D3-BF4B-00C04F79EFBC}") = "SimpleAPI.Test", "test\SimpleAPI.Test\SimpleAPI.Test.csproj", "{2FA38ED4-9CF4-44C0-84FD-F2723EA09BE7}"
EndProject
Global
	GlobalSection(SolutionConfigurationPlatforms) = preSolution
		Debug|Any CPU = Debug|Any CPU
		Release|Any CPU = Release|Any CPU
	EndGlobalSection
	GlobalSection(SolutionProperties) = preSolution
		HideSolutionNode = FALSE
	EndGlobalSection
	GlobalSection(ProjectConfigurationPlatforms) = postSolution
		{53D82CA2-9E4A-4950-9140-E9305D2AE14F}.Debug|Any CPU.ActiveCfg = Debug|Any CPU
		{53D82CA2-9E4A-4950-9140-E9305D2AE14F}.Debug|Any CPU.Build.0 = Debug|Any CPU
		{53D82CA2-9E4A-4950-9140-E9305D2AE14F}.Release|Any CPU.ActiveCfg = Release|Any CPU
		{53D82CA2-9E4A-4950-9140-E9305D2AE14F}.Release|Any CPU.Build.0 = Release|Any CPU
		{2FA38ED4-9CF4-44C0-84FD-F2723EA09BE7}.Debug|Any CPU.ActiveCfg = Debug|Any CPU
		{2FA38ED4-9CF4-44C0-84FD-F2723EA09BE7}.Debug|Any CPU.Build.0 = Debug|Any CPU
		{2FA38ED4-9CF4-44C0-84FD-F2723EA09BE7}.Release|Any CPU.ActiveCfg = Release|Any CPU
		{2FA38ED4-9CF4-44C0-84FD-F2723EA09BE7}.Release|Any CPU.Build.0 = Release|Any CPU
	EndGlobalSection
	GlobalSection(NestedProjects) = preSolution
		{53D82CA2-9E4A-4950-9140-E9305D2AE14F} = {E3B6A67B-F112-44F7-9923-98CFCD526093}
		{2FA38ED4-9CF4-44C0-84FD-F2723EA09BE7} = {E852BDDF-9935-4D17-AB72-B6291B352D27}
	EndGlobalSection
EndGlobal
